// !$*UTF8*$!
{
	archiveVersion = 1;
	classes = {
	};
	objectVersion = 50;
	objects = {

/* Begin PBXBuildFile section */
		80461617253B8916006B9164 /* AppDelegate.swift in Sources */ = {isa = PBXBuildFile; fileRef = 80461616253B8916006B9164 /* AppDelegate.swift */; };
		80461619253B8916006B9164 /* SceneDelegate.swift in Sources */ = {isa = PBXBuildFile; fileRef = 80461618253B8916006B9164 /* SceneDelegate.swift */; };
		8046161E253B8916006B9164 /* Main.storyboard in Resources */ = {isa = PBXBuildFile; fileRef = 8046161C253B8916006B9164 /* Main.storyboard */; };
		80461621253B8916006B9164 /* Drawer.xcdatamodeld in Sources */ = {isa = PBXBuildFile; fileRef = 8046161F253B8916006B9164 /* Drawer.xcdatamodeld */; };
		80461623253B8917006B9164 /* Assets.xcassets in Resources */ = {isa = PBXBuildFile; fileRef = 80461622253B8917006B9164 /* Assets.xcassets */; };
		80461626253B8917006B9164 /* LaunchScreen.storyboard in Resources */ = {isa = PBXBuildFile; fileRef = 80461624253B8917006B9164 /* LaunchScreen.storyboard */; };
		80461631253B8917006B9164 /* DrawerTests.swift in Sources */ = {isa = PBXBuildFile; fileRef = 80461630253B8917006B9164 /* DrawerTests.swift */; };
		8046163C253B8917006B9164 /* DrawerUITests.swift in Sources */ = {isa = PBXBuildFile; fileRef = 8046163B253B8917006B9164 /* DrawerUITests.swift */; };
		8046164E253E4534006B9164 /* DrawerTableViewController.swift in Sources */ = {isa = PBXBuildFile; fileRef = 8046164D253E4534006B9164 /* DrawerTableViewController.swift */; };
		80461656253E485E006B9164 /* DatabaseManager.swift in Sources */ = {isa = PBXBuildFile; fileRef = 80461655253E485E006B9164 /* DatabaseManager.swift */; };
		8098262D253F780B0012FEF3 /* DoodadDetailViewController.swift in Sources */ = {isa = PBXBuildFile; fileRef = 8098262C253F780B0012FEF3 /* DoodadDetailViewController.swift */; };
		80982634253F8BF00012FEF3 /* CreateDoodadViewController.swift in Sources */ = {isa = PBXBuildFile; fileRef = 80982633253F8BF00012FEF3 /* CreateDoodadViewController.swift */; };
		809EB3272541EBF7003F2786 /* AppColorScheme.swift in Sources */ = {isa = PBXBuildFile; fileRef = 809EB3262541EBF7003F2786 /* AppColorScheme.swift */; };
		809EB3372542259C003F2786 /* DoodadCell.swift in Sources */ = {isa = PBXBuildFile; fileRef = 809EB3362542259C003F2786 /* DoodadCell.swift */; };
		80AA466A2542727900826D04 /* ProjectTableViewController.swift in Sources */ = {isa = PBXBuildFile; fileRef = 80AA46692542727800826D04 /* ProjectTableViewController.swift */; };
		80AA467F25427DFB00826D04 /* ProjectCell.swift in Sources */ = {isa = PBXBuildFile; fileRef = 80AA467E25427DFB00826D04 /* ProjectCell.swift */; };
		80AA468C25475B0B00826D04 /* UIImage+.swift in Sources */ = {isa = PBXBuildFile; fileRef = 80AA468B25475B0B00826D04 /* UIImage+.swift */; };
		80AA469125476D6700826D04 /* CreateProjectViewController.swift in Sources */ = {isa = PBXBuildFile; fileRef = 80AA469025476D6700826D04 /* CreateProjectViewController.swift */; };
		80AA46962547715500826D04 /* ProjectDetailViewController.swift in Sources */ = {isa = PBXBuildFile; fileRef = 80AA46952547715500826D04 /* ProjectDetailViewController.swift */; };
/* End PBXBuildFile section */

/* Begin PBXContainerItemProxy section */
		8046162D253B8917006B9164 /* PBXContainerItemProxy */ = {
			isa = PBXContainerItemProxy;
			containerPortal = 8046160B253B8916006B9164 /* Project object */;
			proxyType = 1;
			remoteGlobalIDString = 80461612253B8916006B9164;
			remoteInfo = Drawer;
		};
		80461638253B8917006B9164 /* PBXContainerItemProxy */ = {
			isa = PBXContainerItemProxy;
			containerPortal = 8046160B253B8916006B9164 /* Project object */;
			proxyType = 1;
			remoteGlobalIDString = 80461612253B8916006B9164;
			remoteInfo = Drawer;
		};
/* End PBXContainerItemProxy section */

/* Begin PBXFileReference section */
		80461613253B8916006B9164 /* Drawer.app */ = {isa = PBXFileReference; explicitFileType = wrapper.application; includeInIndex = 0; path = Drawer.app; sourceTree = BUILT_PRODUCTS_DIR; };
		80461616253B8916006B9164 /* AppDelegate.swift */ = {isa = PBXFileReference; lastKnownFileType = sourcecode.swift; path = AppDelegate.swift; sourceTree = "<group>"; };
		80461618253B8916006B9164 /* SceneDelegate.swift */ = {isa = PBXFileReference; lastKnownFileType = sourcecode.swift; path = SceneDelegate.swift; sourceTree = "<group>"; };
		8046161D253B8916006B9164 /* Base */ = {isa = PBXFileReference; lastKnownFileType = file.storyboard; name = Base; path = Base.lproj/Main.storyboard; sourceTree = "<group>"; };
		80461620253B8916006B9164 /* Drawer.xcdatamodel */ = {isa = PBXFileReference; lastKnownFileType = wrapper.xcdatamodel; path = Drawer.xcdatamodel; sourceTree = "<group>"; };
		80461622253B8917006B9164 /* Assets.xcassets */ = {isa = PBXFileReference; lastKnownFileType = folder.assetcatalog; path = Assets.xcassets; sourceTree = "<group>"; };
		80461625253B8917006B9164 /* Base */ = {isa = PBXFileReference; lastKnownFileType = file.storyboard; name = Base; path = Base.lproj/LaunchScreen.storyboard; sourceTree = "<group>"; };
		80461627253B8917006B9164 /* Info.plist */ = {isa = PBXFileReference; lastKnownFileType = text.plist.xml; path = Info.plist; sourceTree = "<group>"; };
		8046162C253B8917006B9164 /* DrawerTests.xctest */ = {isa = PBXFileReference; explicitFileType = wrapper.cfbundle; includeInIndex = 0; path = DrawerTests.xctest; sourceTree = BUILT_PRODUCTS_DIR; };
		80461630253B8917006B9164 /* DrawerTests.swift */ = {isa = PBXFileReference; lastKnownFileType = sourcecode.swift; path = DrawerTests.swift; sourceTree = "<group>"; };
		80461632253B8917006B9164 /* Info.plist */ = {isa = PBXFileReference; lastKnownFileType = text.plist.xml; path = Info.plist; sourceTree = "<group>"; };
		80461637253B8917006B9164 /* DrawerUITests.xctest */ = {isa = PBXFileReference; explicitFileType = wrapper.cfbundle; includeInIndex = 0; path = DrawerUITests.xctest; sourceTree = BUILT_PRODUCTS_DIR; };
		8046163B253B8917006B9164 /* DrawerUITests.swift */ = {isa = PBXFileReference; lastKnownFileType = sourcecode.swift; path = DrawerUITests.swift; sourceTree = "<group>"; };
		8046163D253B8917006B9164 /* Info.plist */ = {isa = PBXFileReference; lastKnownFileType = text.plist.xml; path = Info.plist; sourceTree = "<group>"; };
		8046164D253E4534006B9164 /* DrawerTableViewController.swift */ = {isa = PBXFileReference; lastKnownFileType = sourcecode.swift; path = DrawerTableViewController.swift; sourceTree = "<group>"; };
		80461655253E485E006B9164 /* DatabaseManager.swift */ = {isa = PBXFileReference; lastKnownFileType = sourcecode.swift; path = DatabaseManager.swift; sourceTree = "<group>"; };
		8098262C253F780B0012FEF3 /* DoodadDetailViewController.swift */ = {isa = PBXFileReference; lastKnownFileType = sourcecode.swift; path = DoodadDetailViewController.swift; sourceTree = "<group>"; };
		80982633253F8BF00012FEF3 /* CreateDoodadViewController.swift */ = {isa = PBXFileReference; lastKnownFileType = sourcecode.swift; path = CreateDoodadViewController.swift; sourceTree = "<group>"; };
		809EB3262541EBF7003F2786 /* AppColorScheme.swift */ = {isa = PBXFileReference; lastKnownFileType = sourcecode.swift; path = AppColorScheme.swift; sourceTree = "<group>"; };
		809EB3362542259C003F2786 /* DoodadCell.swift */ = {isa = PBXFileReference; lastKnownFileType = sourcecode.swift; name = DoodadCell.swift; path = Drawer/DoodadCell.swift; sourceTree = SOURCE_ROOT; };
		80AA46692542727800826D04 /* ProjectTableViewController.swift */ = {isa = PBXFileReference; lastKnownFileType = sourcecode.swift; path = ProjectTableViewController.swift; sourceTree = "<group>"; };
		80AA467E25427DFB00826D04 /* ProjectCell.swift */ = {isa = PBXFileReference; lastKnownFileType = sourcecode.swift; path = ProjectCell.swift; sourceTree = "<group>"; };
		80AA468B25475B0B00826D04 /* UIImage+.swift */ = {isa = PBXFileReference; lastKnownFileType = sourcecode.swift; path = "UIImage+.swift"; sourceTree = "<group>"; };
		80AA469025476D6700826D04 /* CreateProjectViewController.swift */ = {isa = PBXFileReference; lastKnownFileType = sourcecode.swift; path = CreateProjectViewController.swift; sourceTree = "<group>"; };
		80AA46952547715500826D04 /* ProjectDetailViewController.swift */ = {isa = PBXFileReference; lastKnownFileType = sourcecode.swift; path = ProjectDetailViewController.swift; sourceTree = "<group>"; };
/* End PBXFileReference section */

/* Begin PBXFrameworksBuildPhase section */
		80461610253B8916006B9164 /* Frameworks */ = {
			isa = PBXFrameworksBuildPhase;
			buildActionMask = 2147483647;
			files = (
			);
			runOnlyForDeploymentPostprocessing = 0;
		};
		80461629253B8917006B9164 /* Frameworks */ = {
			isa = PBXFrameworksBuildPhase;
			buildActionMask = 2147483647;
			files = (
			);
			runOnlyForDeploymentPostprocessing = 0;
		};
		80461634253B8917006B9164 /* Frameworks */ = {
			isa = PBXFrameworksBuildPhase;
			buildActionMask = 2147483647;
			files = (
			);
			runOnlyForDeploymentPostprocessing = 0;
		};
/* End PBXFrameworksBuildPhase section */

/* Begin PBXGroup section */
		8046160A253B8916006B9164 = {
			isa = PBXGroup;
			children = (
				80461615253B8916006B9164 /* Drawer */,
				8046162F253B8917006B9164 /* DrawerTests */,
				8046163A253B8917006B9164 /* DrawerUITests */,
				80461614253B8916006B9164 /* Products */,
			);
			sourceTree = "<group>";
		};
		80461614253B8916006B9164 /* Products */ = {
			isa = PBXGroup;
			children = (
				80461613253B8916006B9164 /* Drawer.app */,
				8046162C253B8917006B9164 /* DrawerTests.xctest */,
				80461637253B8917006B9164 /* DrawerUITests.xctest */,
			);
			name = Products;
			sourceTree = "<group>";
		};
		80461615253B8916006B9164 /* Drawer */ = {
			isa = PBXGroup;
			children = (
				80982639254117F40012FEF3 /* Protocols */,
				8046165C253E54E5006B9164 /* Controllers */,
				8046165B253E54DB006B9164 /* Views */,
				8046165A253E54CC006B9164 /* Models */,
				80461616253B8916006B9164 /* AppDelegate.swift */,
				80461618253B8916006B9164 /* SceneDelegate.swift */,
				8098262C253F780B0012FEF3 /* DoodadDetailViewController.swift */,
				809EB3362542259C003F2786 /* DoodadCell.swift */,
				80AA467E25427DFB00826D04 /* ProjectCell.swift */,
				80AA46692542727800826D04 /* ProjectTableViewController.swift */,
				80AA469025476D6700826D04 /* CreateProjectViewController.swift */,
				8046164D253E4534006B9164 /* DrawerTableViewController.swift */,
				809EB3262541EBF7003F2786 /* AppColorScheme.swift */,
				80982633253F8BF00012FEF3 /* CreateDoodadViewController.swift */,
				80AA468B25475B0B00826D04 /* UIImage+.swift */,
				8046161C253B8916006B9164 /* Main.storyboard */,
				80AA46952547715500826D04 /* ProjectDetailViewController.swift */,
				80461622253B8917006B9164 /* Assets.xcassets */,
				80461624253B8917006B9164 /* LaunchScreen.storyboard */,
				80461627253B8917006B9164 /* Info.plist */,
				8046161F253B8916006B9164 /* Drawer.xcdatamodeld */,
				80461655253E485E006B9164 /* DatabaseManager.swift */,
			);
			path = Drawer;
			sourceTree = "<group>";
		};
		8046162F253B8917006B9164 /* DrawerTests */ = {
			isa = PBXGroup;
			children = (
				80461630253B8917006B9164 /* DrawerTests.swift */,
				80461632253B8917006B9164 /* Info.plist */,
			);
			path = DrawerTests;
			sourceTree = "<group>";
		};
		8046163A253B8917006B9164 /* DrawerUITests */ = {
			isa = PBXGroup;
			children = (
				8046163B253B8917006B9164 /* DrawerUITests.swift */,
				8046163D253B8917006B9164 /* Info.plist */,
			);
			path = DrawerUITests;
			sourceTree = "<group>";
		};
		8046165A253E54CC006B9164 /* Models */ = {
			isa = PBXGroup;
			children = (
			);
			path = Models;
			sourceTree = "<group>";
		};
		8046165B253E54DB006B9164 /* Views */ = {
			isa = PBXGroup;
			children = (
			);
			path = Views;
			sourceTree = "<group>";
		};
		8046165C253E54E5006B9164 /* Controllers */ = {
			isa = PBXGroup;
			children = (
				809EB322254124FF003F2786 /* Doodad */,
			);
			path = Controllers;
			sourceTree = "<group>";
		};
		80982639254117F40012FEF3 /* Protocols */ = {
			isa = PBXGroup;
			children = (
			);
			path = Protocols;
			sourceTree = "<group>";
		};
		809EB322254124FF003F2786 /* Doodad */ = {
			isa = PBXGroup;
			children = (
			);
			path = Doodad;
			sourceTree = "<group>";
		};
/* End PBXGroup section */

/* Begin PBXNativeTarget section */
		80461612253B8916006B9164 /* Drawer */ = {
			isa = PBXNativeTarget;
			buildConfigurationList = 80461640253B8917006B9164 /* Build configuration list for PBXNativeTarget "Drawer" */;
			buildPhases = (
				8046160F253B8916006B9164 /* Sources */,
				80461610253B8916006B9164 /* Frameworks */,
				80461611253B8916006B9164 /* Resources */,
			);
			buildRules = (
			);
			dependencies = (
			);
			name = Drawer;
			productName = Drawer;
			productReference = 80461613253B8916006B9164 /* Drawer.app */;
			productType = "com.apple.product-type.application";
		};
		8046162B253B8917006B9164 /* DrawerTests */ = {
			isa = PBXNativeTarget;
			buildConfigurationList = 80461643253B8917006B9164 /* Build configuration list for PBXNativeTarget "DrawerTests" */;
			buildPhases = (
				80461628253B8917006B9164 /* Sources */,
				80461629253B8917006B9164 /* Frameworks */,
				8046162A253B8917006B9164 /* Resources */,
			);
			buildRules = (
			);
			dependencies = (
				8046162E253B8917006B9164 /* PBXTargetDependency */,
			);
			name = DrawerTests;
			productName = DrawerTests;
			productReference = 8046162C253B8917006B9164 /* DrawerTests.xctest */;
			productType = "com.apple.product-type.bundle.unit-test";
		};
		80461636253B8917006B9164 /* DrawerUITests */ = {
			isa = PBXNativeTarget;
			buildConfigurationList = 80461646253B8917006B9164 /* Build configuration list for PBXNativeTarget "DrawerUITests" */;
			buildPhases = (
				80461633253B8917006B9164 /* Sources */,
				80461634253B8917006B9164 /* Frameworks */,
				80461635253B8917006B9164 /* Resources */,
			);
			buildRules = (
			);
			dependencies = (
				80461639253B8917006B9164 /* PBXTargetDependency */,
			);
			name = DrawerUITests;
			productName = DrawerUITests;
			productReference = 80461637253B8917006B9164 /* DrawerUITests.xctest */;
			productType = "com.apple.product-type.bundle.ui-testing";
		};
/* End PBXNativeTarget section */

/* Begin PBXProject section */
		8046160B253B8916006B9164 /* Project object */ = {
			isa = PBXProject;
			attributes = {
				LastSwiftUpdateCheck = 1200;
				LastUpgradeCheck = 1200;
				TargetAttributes = {
					80461612253B8916006B9164 = {
						CreatedOnToolsVersion = 12.0;
					};
					8046162B253B8917006B9164 = {
						CreatedOnToolsVersion = 12.0;
						TestTargetID = 80461612253B8916006B9164;
					};
					80461636253B8917006B9164 = {
						CreatedOnToolsVersion = 12.0;
						TestTargetID = 80461612253B8916006B9164;
					};
				};
			};
			buildConfigurationList = 8046160E253B8916006B9164 /* Build configuration list for PBXProject "Drawer" */;
			compatibilityVersion = "Xcode 9.3";
			developmentRegion = en;
			hasScannedForEncodings = 0;
			knownRegions = (
				en,
				Base,
			);
			mainGroup = 8046160A253B8916006B9164;
			productRefGroup = 80461614253B8916006B9164 /* Products */;
			projectDirPath = "";
			projectRoot = "";
			targets = (
				80461612253B8916006B9164 /* Drawer */,
				8046162B253B8917006B9164 /* DrawerTests */,
				80461636253B8917006B9164 /* DrawerUITests */,
			);
		};
/* End PBXProject section */

/* Begin PBXResourcesBuildPhase section */
		80461611253B8916006B9164 /* Resources */ = {
			isa = PBXResourcesBuildPhase;
			buildActionMask = 2147483647;
			files = (
				80461626253B8917006B9164 /* LaunchScreen.storyboard in Resources */,
				80461623253B8917006B9164 /* Assets.xcassets in Resources */,
				8046161E253B8916006B9164 /* Main.storyboard in Resources */,
			);
			runOnlyForDeploymentPostprocessing = 0;
		};
		8046162A253B8917006B9164 /* Resources */ = {
			isa = PBXResourcesBuildPhase;
			buildActionMask = 2147483647;
			files = (
			);
			runOnlyForDeploymentPostprocessing = 0;
		};
		80461635253B8917006B9164 /* Resources */ = {
			isa = PBXResourcesBuildPhase;
			buildActionMask = 2147483647;
			files = (
			);
			runOnlyForDeploymentPostprocessing = 0;
		};
/* End PBXResourcesBuildPhase section */

/* Begin PBXSourcesBuildPhase section */
		8046160F253B8916006B9164 /* Sources */ = {
			isa = PBXSourcesBuildPhase;
			buildActionMask = 2147483647;
			files = (
				809EB3372542259C003F2786 /* DoodadCell.swift in Sources */,
				80AA467F25427DFB00826D04 /* ProjectCell.swift in Sources */,
				80982634253F8BF00012FEF3 /* CreateDoodadViewController.swift in Sources */,
				80AA46962547715500826D04 /* ProjectDetailViewController.swift in Sources */,
				8098262D253F780B0012FEF3 /* DoodadDetailViewController.swift in Sources */,
				80461621253B8916006B9164 /* Drawer.xcdatamodeld in Sources */,
				8046164E253E4534006B9164 /* DrawerTableViewController.swift in Sources */,
				809EB3272541EBF7003F2786 /* AppColorScheme.swift in Sources */,
				80AA466A2542727900826D04 /* ProjectTableViewController.swift in Sources */,
				80461656253E485E006B9164 /* DatabaseManager.swift in Sources */,
				80AA468C25475B0B00826D04 /* UIImage+.swift in Sources */,
				80AA469125476D6700826D04 /* CreateProjectViewController.swift in Sources */,
				80461617253B8916006B9164 /* AppDelegate.swift in Sources */,
				80461619253B8916006B9164 /* SceneDelegate.swift in Sources */,
			);
			runOnlyForDeploymentPostprocessing = 0;
		};
		80461628253B8917006B9164 /* Sources */ = {
			isa = PBXSourcesBuildPhase;
			buildActionMask = 2147483647;
			files = (
				80461631253B8917006B9164 /* DrawerTests.swift in Sources */,
			);
			runOnlyForDeploymentPostprocessing = 0;
		};
		80461633253B8917006B9164 /* Sources */ = {
			isa = PBXSourcesBuildPhase;
			buildActionMask = 2147483647;
			files = (
				8046163C253B8917006B9164 /* DrawerUITests.swift in Sources */,
			);
			runOnlyForDeploymentPostprocessing = 0;
		};
/* End PBXSourcesBuildPhase section */

/* Begin PBXTargetDependency section */
		8046162E253B8917006B9164 /* PBXTargetDependency */ = {
			isa = PBXTargetDependency;
			target = 80461612253B8916006B9164 /* Drawer */;
			targetProxy = 8046162D253B8917006B9164 /* PBXContainerItemProxy */;
		};
		80461639253B8917006B9164 /* PBXTargetDependency */ = {
			isa = PBXTargetDependency;
			target = 80461612253B8916006B9164 /* Drawer */;
			targetProxy = 80461638253B8917006B9164 /* PBXContainerItemProxy */;
		};
/* End PBXTargetDependency section */

/* Begin PBXVariantGroup section */
		8046161C253B8916006B9164 /* Main.storyboard */ = {
			isa = PBXVariantGroup;
			children = (
				8046161D253B8916006B9164 /* Base */,
			);
			name = Main.storyboard;
			sourceTree = "<group>";
		};
		80461624253B8917006B9164 /* LaunchScreen.storyboard */ = {
			isa = PBXVariantGroup;
			children = (
				80461625253B8917006B9164 /* Base */,
			);
			name = LaunchScreen.storyboard;
			sourceTree = "<group>";
		};
/* End PBXVariantGroup section */

/* Begin XCBuildConfiguration section */
		8046163E253B8917006B9164 /* Debug */ = {
			isa = XCBuildConfiguration;
			buildSettings = {
				ALWAYS_SEARCH_USER_PATHS = NO;
				CLANG_ANALYZER_NONNULL = YES;
				CLANG_ANALYZER_NUMBER_OBJECT_CONVERSION = YES_AGGRESSIVE;
				CLANG_CXX_LANGUAGE_STANDARD = "gnu++14";
				CLANG_CXX_LIBRARY = "libc++";
				CLANG_ENABLE_MODULES = YES;
				CLANG_ENABLE_OBJC_ARC = YES;
				CLANG_ENABLE_OBJC_WEAK = YES;
				CLANG_WARN_BLOCK_CAPTURE_AUTORELEASING = YES;
				CLANG_WARN_BOOL_CONVERSION = YES;
				CLANG_WARN_COMMA = YES;
				CLANG_WARN_CONSTANT_CONVERSION = YES;
				CLANG_WARN_DEPRECATED_OBJC_IMPLEMENTATIONS = YES;
				CLANG_WARN_DIRECT_OBJC_ISA_USAGE = YES_ERROR;
				CLANG_WARN_DOCUMENTATION_COMMENTS = YES;
				CLANG_WARN_EMPTY_BODY = YES;
				CLANG_WARN_ENUM_CONVERSION = YES;
				CLANG_WARN_INFINITE_RECURSION = YES;
				CLANG_WARN_INT_CONVERSION = YES;
				CLANG_WARN_NON_LITERAL_NULL_CONVERSION = YES;
				CLANG_WARN_OBJC_IMPLICIT_RETAIN_SELF = YES;
				CLANG_WARN_OBJC_LITERAL_CONVERSION = YES;
				CLANG_WARN_OBJC_ROOT_CLASS = YES_ERROR;
				CLANG_WARN_QUOTED_INCLUDE_IN_FRAMEWORK_HEADER = YES;
				CLANG_WARN_RANGE_LOOP_ANALYSIS = YES;
				CLANG_WARN_STRICT_PROTOTYPES = YES;
				CLANG_WARN_SUSPICIOUS_MOVE = YES;
				CLANG_WARN_UNGUARDED_AVAILABILITY = YES_AGGRESSIVE;
				CLANG_WARN_UNREACHABLE_CODE = YES;
				CLANG_WARN__DUPLICATE_METHOD_MATCH = YES;
				COPY_PHASE_STRIP = NO;
				DEBUG_INFORMATION_FORMAT = dwarf;
				ENABLE_STRICT_OBJC_MSGSEND = YES;
				ENABLE_TESTABILITY = YES;
				GCC_C_LANGUAGE_STANDARD = gnu11;
				GCC_DYNAMIC_NO_PIC = NO;
				GCC_NO_COMMON_BLOCKS = YES;
				GCC_OPTIMIZATION_LEVEL = 0;
				GCC_PREPROCESSOR_DEFINITIONS = (
					"DEBUG=1",
					"$(inherited)",
				);
				GCC_WARN_64_TO_32_BIT_CONVERSION = YES;
				GCC_WARN_ABOUT_RETURN_TYPE = YES_ERROR;
				GCC_WARN_UNDECLARED_SELECTOR = YES;
				GCC_WARN_UNINITIALIZED_AUTOS = YES_AGGRESSIVE;
				GCC_WARN_UNUSED_FUNCTION = YES;
				GCC_WARN_UNUSED_VARIABLE = YES;
				IPHONEOS_DEPLOYMENT_TARGET = 14.0;
				MTL_ENABLE_DEBUG_INFO = INCLUDE_SOURCE;
				MTL_FAST_MATH = YES;
				ONLY_ACTIVE_ARCH = YES;
				SDKROOT = iphoneos;
				SWIFT_ACTIVE_COMPILATION_CONDITIONS = DEBUG;
				SWIFT_OPTIMIZATION_LEVEL = "-Onone";
			};
			name = Debug;
		};
		8046163F253B8917006B9164 /* Release */ = {
			isa = XCBuildConfiguration;
			buildSettings = {
				ALWAYS_SEARCH_USER_PATHS = NO;
				CLANG_ANALYZER_NONNULL = YES;
				CLANG_ANALYZER_NUMBER_OBJECT_CONVERSION = YES_AGGRESSIVE;
				CLANG_CXX_LANGUAGE_STANDARD = "gnu++14";
				CLANG_CXX_LIBRARY = "libc++";
				CLANG_ENABLE_MODULES = YES;
				CLANG_ENABLE_OBJC_ARC = YES;
				CLANG_ENABLE_OBJC_WEAK = YES;
				CLANG_WARN_BLOCK_CAPTURE_AUTORELEASING = YES;
				CLANG_WARN_BOOL_CONVERSION = YES;
				CLANG_WARN_COMMA = YES;
				CLANG_WARN_CONSTANT_CONVERSION = YES;
				CLANG_WARN_DEPRECATED_OBJC_IMPLEMENTATIONS = YES;
				CLANG_WARN_DIRECT_OBJC_ISA_USAGE = YES_ERROR;
				CLANG_WARN_DOCUMENTATION_COMMENTS = YES;
				CLANG_WARN_EMPTY_BODY = YES;
				CLANG_WARN_ENUM_CONVERSION = YES;
				CLANG_WARN_INFINITE_RECURSION = YES;
				CLANG_WARN_INT_CONVERSION = YES;
				CLANG_WARN_NON_LITERAL_NULL_CONVERSION = YES;
				CLANG_WARN_OBJC_IMPLICIT_RETAIN_SELF = YES;
				CLANG_WARN_OBJC_LITERAL_CONVERSION = YES;
				CLANG_WARN_OBJC_ROOT_CLASS = YES_ERROR;
				CLANG_WARN_QUOTED_INCLUDE_IN_FRAMEWORK_HEADER = YES;
				CLANG_WARN_RANGE_LOOP_ANALYSIS = YES;
				CLANG_WARN_STRICT_PROTOTYPES = YES;
				CLANG_WARN_SUSPICIOUS_MOVE = YES;
				CLANG_WARN_UNGUARDED_AVAILABILITY = YES_AGGRESSIVE;
				CLANG_WARN_UNREACHABLE_CODE = YES;
				CLANG_WARN__DUPLICATE_METHOD_MATCH = YES;
				COPY_PHASE_STRIP = NO;
				DEBUG_INFORMATION_FORMAT = "dwarf-with-dsym";
				ENABLE_NS_ASSERTIONS = NO;
				ENABLE_STRICT_OBJC_MSGSEND = YES;
				GCC_C_LANGUAGE_STANDARD = gnu11;
				GCC_NO_COMMON_BLOCKS = YES;
				GCC_WARN_64_TO_32_BIT_CONVERSION = YES;
				GCC_WARN_ABOUT_RETURN_TYPE = YES_ERROR;
				GCC_WARN_UNDECLARED_SELECTOR = YES;
				GCC_WARN_UNINITIALIZED_AUTOS = YES_AGGRESSIVE;
				GCC_WARN_UNUSED_FUNCTION = YES;
				GCC_WARN_UNUSED_VARIABLE = YES;
				IPHONEOS_DEPLOYMENT_TARGET = 14.0;
				MTL_ENABLE_DEBUG_INFO = NO;
				MTL_FAST_MATH = YES;
				SDKROOT = iphoneos;
				SWIFT_COMPILATION_MODE = wholemodule;
				SWIFT_OPTIMIZATION_LEVEL = "-O";
				VALIDATE_PRODUCT = YES;
			};
			name = Release;
		};
		80461641253B8917006B9164 /* Debug */ = {
			isa = XCBuildConfiguration;
			buildSettings = {
				ASSETCATALOG_COMPILER_APPICON_NAME = AppIcon;
				ASSETCATALOG_COMPILER_GLOBAL_ACCENT_COLOR_NAME = AccentColor;
				CODE_SIGN_STYLE = Automatic;
				INFOPLIST_FILE = Drawer/Info.plist;
				LD_RUNPATH_SEARCH_PATHS = (
					"$(inherited)",
					"@executable_path/Frameworks",
				);
				PRODUCT_BUNDLE_IDENTIFIER = com.Vigz.Drawer;
				PRODUCT_NAME = "$(TARGET_NAME)";
				SWIFT_VERSION = 5.0;
				TARGETED_DEVICE_FAMILY = "1,2";
			};
			name = Debug;
		};
		80461642253B8917006B9164 /* Release */ = {
			isa = XCBuildConfiguration;
			buildSettings = {
				ASSETCATALOG_COMPILER_APPICON_NAME = AppIcon;
				ASSETCATALOG_COMPILER_GLOBAL_ACCENT_COLOR_NAME = AccentColor;
				CODE_SIGN_STYLE = Automatic;
				INFOPLIST_FILE = Drawer/Info.plist;
				LD_RUNPATH_SEARCH_PATHS = (
					"$(inherited)",
					"@executable_path/Frameworks",
				);
				PRODUCT_BUNDLE_IDENTIFIER = com.Vigz.Drawer;
				PRODUCT_NAME = "$(TARGET_NAME)";
				SWIFT_VERSION = 5.0;
				TARGETED_DEVICE_FAMILY = "1,2";
			};
			name = Release;
		};
		80461644253B8917006B9164 /* Debug */ = {
			isa = XCBuildConfiguration;
			buildSettings = {
				ALWAYS_EMBED_SWIFT_STANDARD_LIBRARIES = YES;
				BUNDLE_LOADER = "$(TEST_HOST)";
				CODE_SIGN_STYLE = Automatic;
				INFOPLIST_FILE = DrawerTests/Info.plist;
				IPHONEOS_DEPLOYMENT_TARGET = 14.0;
				LD_RUNPATH_SEARCH_PATHS = (
					"$(inherited)",
					"@executable_path/Frameworks",
					"@loader_path/Frameworks",
				);
				PRODUCT_BUNDLE_IDENTIFIER = com.Vigz.DrawerTests;
				PRODUCT_NAME = "$(TARGET_NAME)";
				SWIFT_VERSION = 5.0;
				TARGETED_DEVICE_FAMILY = "1,2";
				TEST_HOST = "$(BUILT_PRODUCTS_DIR)/Drawer.app/Drawer";
			};
			name = Debug;
		};
		80461645253B8917006B9164 /* Release */ = {
			isa = XCBuildConfiguration;
			buildSettings = {
				ALWAYS_EMBED_SWIFT_STANDARD_LIBRARIES = YES;
				BUNDLE_LOADER = "$(TEST_HOST)";
				CODE_SIGN_STYLE = Automatic;
				INFOPLIST_FILE = DrawerTests/Info.plist;
				IPHONEOS_DEPLOYMENT_TARGET = 14.0;
				LD_RUNPATH_SEARCH_PATHS = (
					"$(inherited)",
					"@executable_path/Frameworks",
					"@loader_path/Frameworks",
				);
				PRODUCT_BUNDLE_IDENTIFIER = com.Vigz.DrawerTests;
				PRODUCT_NAME = "$(TARGET_NAME)";
				SWIFT_VERSION = 5.0;
				TARGETED_DEVICE_FAMILY = "1,2";
				TEST_HOST = "$(BUILT_PRODUCTS_DIR)/Drawer.app/Drawer";
			};
			name = Release;
		};
		80461647253B8917006B9164 /* Debug */ = {
			isa = XCBuildConfiguration;
			buildSettings = {
				ALWAYS_EMBED_SWIFT_STANDARD_LIBRARIES = YES;
				CODE_SIGN_STYLE = Automatic;
				INFOPLIST_FILE = DrawerUITests/Info.plist;
				LD_RUNPATH_SEARCH_PATHS = (
					"$(inherited)",
					"@executable_path/Frameworks",
					"@loader_path/Frameworks",
				);
				PRODUCT_BUNDLE_IDENTIFIER = com.Vigz.DrawerUITests;
				PRODUCT_NAME = "$(TARGET_NAME)";
				SWIFT_VERSION = 5.0;
				TARGETED_DEVICE_FAMILY = "1,2";
				TEST_TARGET_NAME = Drawer;
			};
			name = Debug;
		};
		80461648253B8917006B9164 /* Release */ = {
			isa = XCBuildConfiguration;
			buildSettings = {
				ALWAYS_EMBED_SWIFT_STANDARD_LIBRARIES = YES;
				CODE_SIGN_STYLE = Automatic;
				INFOPLIST_FILE = DrawerUITests/Info.plist;
				LD_RUNPATH_SEARCH_PATHS = (
					"$(inherited)",
					"@executable_path/Frameworks",
					"@loader_path/Frameworks",
				);
				PRODUCT_BUNDLE_IDENTIFIER = com.Vigz.DrawerUITests;
				PRODUCT_NAME = "$(TARGET_NAME)";
				SWIFT_VERSION = 5.0;
				TARGETED_DEVICE_FAMILY = "1,2";
				TEST_TARGET_NAME = Drawer;
			};
			name = Release;
		};
/* End XCBuildConfiguration section */

/* Begin XCConfigurationList section */
		8046160E253B8916006B9164 /* Build configuration list for PBXProject "Drawer" */ = {
			isa = XCConfigurationList;
			buildConfigurations = (
				8046163E253B8917006B9164 /* Debug */,
				8046163F253B8917006B9164 /* Release */,
			);
			defaultConfigurationIsVisible = 0;
			defaultConfigurationName = Release;
		};
		80461640253B8917006B9164 /* Build configuration list for PBXNativeTarget "Drawer" */ = {
			isa = XCConfigurationList;
			buildConfigurations = (
				80461641253B8917006B9164 /* Debug */,
				80461642253B8917006B9164 /* Release */,
			);
			defaultConfigurationIsVisible = 0;
			defaultConfigurationName = Release;
		};
		80461643253B8917006B9164 /* Build configuration list for PBXNativeTarget "DrawerTests" */ = {
			isa = XCConfigurationList;
			buildConfigurations = (
				80461644253B8917006B9164 /* Debug */,
				80461645253B8917006B9164 /* Release */,
			);
			defaultConfigurationIsVisible = 0;
			defaultConfigurationName = Release;
		};
		80461646253B8917006B9164 /* Build configuration list for PBXNativeTarget "DrawerUITests" */ = {
			isa = XCConfigurationList;
			buildConfigurations = (
				80461647253B8917006B9164 /* Debug */,
				80461648253B8917006B9164 /* Release */,
			);
			defaultConfigurationIsVisible = 0;
			defaultConfigurationName = Release;
		};
/* End XCConfigurationList section */

/* Begin XCVersionGroup section */
		8046161F253B8916006B9164 /* Drawer.xcdatamodeld */ = {
			isa = XCVersionGroup;
			children = (
				80461620253B8916006B9164 /* Drawer.xcdatamodel */,
			);
			currentVersion = 80461620253B8916006B9164 /* Drawer.xcdatamodel */;
			path = Drawer.xcdatamodeld;
			sourceTree = "<group>";
			versionGroupType = wrapper.xcdatamodel;
		};
/* End XCVersionGroup section */
	};
	rootObject = 8046160B253B8916006B9164 /* Project object */;
}
